<?xml version="1.0" encoding="utf-8"?>
<Project ToolsVersion="4.0" xmlns="http://schemas.microsoft.com/developer/msbuild/2003">
  <ItemGroup>
    <Filter Include="Source Files">
      <UniqueIdentifier>{7a116ff4-f91f-405e-b01c-3f6b43e047aa}</UniqueIdentifier>
      <Extensions>cpp;c;cxx;rc;def;r;odl;idl;hpj;bat</Extensions>
    </Filter>
    <Filter Include="Header Files">
      <UniqueIdentifier>{91da4667-b559-46de-a299-a7a11924f884}</UniqueIdentifier>
      <Extensions>h;hpp;hxx;hm;inl</Extensions>
    </Filter>
    <Filter Include="Resource Files">
      <UniqueIdentifier>{49408974-543d-4f4b-9b4d-d59c54f34179}</UniqueIdentifier>
      <Extensions>ico;cur;bmp;dlg;rc2;rct;bin;rgs;gif;jpg;jpeg;jpe</Extensions>
    </Filter>
  </ItemGroup>
  <ItemGroup>
    <ClCompile Include="buffer_manager.cpp">
      <Filter>Source Files</Filter>
    </ClCompile>
    <ClCompile Include="catalog_manager.cpp">
      <Filter>Source Files</Filter>
    </ClCompile>
    <ClCompile Include="index_manager.cpp">
      <Filter>Source Files</Filter>
    </ClCompile>
    <ClCompile Include="interpret.cpp">
      <Filter>Source Files</Filter>
    </ClCompile>
    <ClCompile Include="MiniSQL.cpp">
      <Filter>Source Files</Filter>
    </ClCompile>
    <ClCompile Include="record_manager.cpp">
      <Filter>Source Files</Filter>
    </ClCompile>
    <ClCompile Include="StdAfx.cpp">
      <Filter>Source Files</Filter>
    </ClCompile>
  </ItemGroup>
  <ItemGroup>
    <ResourceCompile Include="MiniSQL.rc">
      <Filter>Source Files</Filter>
    </ResourceCompile>
  </ItemGroup>
  <ItemGroup>
    <ClInclude Include="buffer_manager.h">
      <Filter>Header Files</Filter>
    </ClInclude>
    <ClInclude Include="catalog_manager.h">
      <Filter>Header Files</Filter>
    </ClInclude>
    <ClInclude Include="index_manager.h">
      <Filter>Header Files</Filter>
    </ClInclude>
    <ClInclude Include="interpret.h">
      <Filter>Header Files</Filter>
    </ClInclude>
    <ClInclude Include="MiniSQL.h">
      <Filter>Header Files</Filter>
    </ClInclude>
    <ClInclude Include="record_manager.h">
      <Filter>Header Files</Filter>
    </ClInclude>
    <ClInclude Include="Resource.h">
      <Filter>Header Files</Filter>
    </ClInclude>
    <ClInclude Include="StdAfx.h">
      <Filter>Header Files</Filter>
    </ClInclude>
  </ItemGroup>
  <ItemGroup>
    <Text Include="ReadMe.txt" />
  </ItemGroup>
</Project>